
Microsoft Visual Studio Solution File, Format Version 12.00
# Visual Studio Version 17
VisualStudioVersion = 17.11.35327.3
MinimumVisualStudioVersion = 10.0.40219.1
Project("{F184B08F-C81C-45F6-A57F-5ABD9991F28F}") = "Matriz de Adyazencia VS", "Matriz de Adyazencia VS\Matriz de Adyazencia VS.vbproj", "{168ADD77-B02A-4060-9210-2B7CC9A126A9}"
EndProject
Global
	GlobalSection(SolutionConfigurationPlatforms) = preSolution
		Debug|Any CPU = Debug|Any CPU
		Release|Any CPU = Release|Any CPU
	EndGlobalSection
	GlobalSection(ProjectConfigurationPlatforms) = postSolution
		{168ADD77-B02A-4060-9210-2B7CC9A126A9}.Debug|Any CPU.ActiveCfg = Debug|Any CPU
		{168ADD77-B02A-4060-9210-2B7CC9A126A9}.Debug|Any CPU.Build.0 = Debug|Any CPU
		{168ADD77-B02A-4060-9210-2B7CC9A126A9}.Release|Any CPU.ActiveCfg = Release|Any CPU
		{168ADD77-B02A-4060-9210-2B7CC9A126A9}.Release|Any CPU.Build.0 = Release|Any CPU
	EndGlobalSection
	GlobalSection(SolutionProperties) = preSolution
		HideSolutionNode = FALSE
	EndGlobalSection
	GlobalSection(ExtensibilityGlobals) = postSolution
		SolutionGuid = {A4226EF3-F88C-40EB-B7F8-A432149B250B}
	EndGlobalSection
EndGlobal
